Microsoft Visual Studio Solution File, Format Version 12.00
# Visual Studio Version 17
VisualStudioVersion = 17.5.2.0
MinimumVisualStudioVersion = 10.0.40219.1
Project("{FAE04EC0-301F-11D3-BF4B-00C04F79EFBC}") = "ServiceLibrary", "ServiceLibrary.csproj", "{F2669647-EB22-A65F-8F02-C6D1B119D768}"
EndProject
Global
	GlobalSection(SolutionConfigurationPlatforms) = preSolution
		Debug|Any CPU = Debug|Any CPU
		Release|Any CPU = Release|Any CPU
	EndGlobalSection
	GlobalSection(ProjectConfigurationPlatforms) = postSolution
		{F2669647-EB22-A65F-8F02-C6D1B119D768}.Debug|Any CPU.ActiveCfg = Debug|Any CPU
		{F2669647-EB22-A65F-8F02-C6D1B119D768}.Debug|Any CPU.Build.0 = Debug|Any CPU
		{F2669647-EB22-A65F-8F02-C6D1B119D768}.Release|Any CPU.ActiveCfg = Release|Any CPU
		{F2669647-EB22-A65F-8F02-C6D1B119D768}.Release|Any CPU.Build.0 = Release|Any CPU
	EndGlobalSection
	GlobalSection(SolutionProperties) = preSolution
		HideSolutionNode = FALSE
	EndGlobalSection
	GlobalSection(ExtensibilityGlobals) = postSolution
		SolutionGuid = {04CC2D20-871F-4751-B35E-FA930D65C2E3}
	EndGlobalSection
EndGlobal
